
Microsoft Visual Studio Solution File, Format Version 12.00
# Visual Studio Version 17
VisualStudioVersion = 17.5.33530.505
MinimumVisualStudioVersion = 10.0.40219.1
Project("{FAE04EC0-301F-11D3-BF4B-00C04F79EFBC}") = "FirstUnitTest.Domain", "FirstUnitTest.Domain\FirstUnitTest.Domain.csproj", "{8494E61B-5DD0-41F4-87A8-E907BB9548F8}"
EndProject
Project("{FAE04EC0-301F-11D3-BF4B-00C04F79EFBC}") = "FirstUnitTest.Infraestructure", "FirstUnitTest.Infraestructure\FirstUnitTest.Infraestructure.csproj", "{5D4C96B7-EAEA-4FCA-B49B-E8E47AEA1A7E}"
EndProject
Project("{FAE04EC0-301F-11D3-BF4B-00C04F79EFBC}") = "FirstUnitTest.Application", "FirstUnitTest.Application\FirstUnitTest.Application.csproj", "{E16DE12F-0DE5-48D9-A38C-C04BCD024AE2}"
EndProject
Project("{FAE04EC0-301F-11D3-BF4B-00C04F79EFBC}") = "FirstUnitTest.Api", "FirstUnitTest\FirstUnitTest.Api.csproj", "{409B5107-9E5C-4070-AB8F-55B87A8780FD}"
EndProject
Project("{FAE04EC0-301F-11D3-BF4B-00C04F79EFBC}") = "FirstUnitTest.Test", "FirstUnitTest.Test\FirstUnitTest.Test.csproj", "{8390F1E5-9BE2-4AD7-B551-DAF83939729A}"
EndProject
Global
	GlobalSection(SolutionConfigurationPlatforms) = preSolution
		Debug|Any CPU = Debug|Any CPU
		Release|Any CPU = Release|Any CPU
	EndGlobalSection
	GlobalSection(ProjectConfigurationPlatforms) = postSolution
		{8494E61B-5DD0-41F4-87A8-E907BB9548F8}.Debug|Any CPU.ActiveCfg = Debug|Any CPU
		{8494E61B-5DD0-41F4-87A8-E907BB9548F8}.Debug|Any CPU.Build.0 = Debug|Any CPU
		{8494E61B-5DD0-41F4-87A8-E907BB9548F8}.Release|Any CPU.ActiveCfg = Release|Any CPU
		{8494E61B-5DD0-41F4-87A8-E907BB9548F8}.Release|Any CPU.Build.0 = Release|Any CPU
		{5D4C96B7-EAEA-4FCA-B49B-E8E47AEA1A7E}.Debug|Any CPU.ActiveCfg = Debug|Any CPU
		{5D4C96B7-EAEA-4FCA-B49B-E8E47AEA1A7E}.Debug|Any CPU.Build.0 = Debug|Any CPU
		{5D4C96B7-EAEA-4FCA-B49B-E8E47AEA1A7E}.Release|Any CPU.ActiveCfg = Release|Any CPU
		{5D4C96B7-EAEA-4FCA-B49B-E8E47AEA1A7E}.Release|Any CPU.Build.0 = Release|Any CPU
		{E16DE12F-0DE5-48D9-A38C-C04BCD024AE2}.Debug|Any CPU.ActiveCfg = Debug|Any CPU
		{E16DE12F-0DE5-48D9-A38C-C04BCD024AE2}.Debug|Any CPU.Build.0 = Debug|Any CPU
		{E16DE12F-0DE5-48D9-A38C-C04BCD024AE2}.Release|Any CPU.ActiveCfg = Release|Any CPU
		{E16DE12F-0DE5-48D9-A38C-C04BCD024AE2}.Release|Any CPU.Build.0 = Release|Any CPU
		{409B5107-9E5C-4070-AB8F-55B87A8780FD}.Debug|Any CPU.ActiveCfg = Debug|Any CPU
		{409B5107-9E5C-4070-AB8F-55B87A8780FD}.Debug|Any CPU.Build.0 = Debug|Any CPU
		{409B5107-9E5C-4070-AB8F-55B87A8780FD}.Release|Any CPU.ActiveCfg = Release|Any CPU
		{409B5107-9E5C-4070-AB8F-55B87A8780FD}.Release|Any CPU.Build.0 = Release|Any CPU
		{8390F1E5-9BE2-4AD7-B551-DAF83939729A}.Debug|Any CPU.ActiveCfg = Debug|Any CPU
		{8390F1E5-9BE2-4AD7-B551-DAF83939729A}.Debug|Any CPU.Build.0 = Debug|Any CPU
		{8390F1E5-9BE2-4AD7-B551-DAF83939729A}.Release|Any CPU.ActiveCfg = Release|Any CPU
		{8390F1E5-9BE2-4AD7-B551-DAF83939729A}.Release|Any CPU.Build.0 = Release|Any CPU
	EndGlobalSection
	GlobalSection(SolutionProperties) = preSolution
		HideSolutionNode = FALSE
	EndGlobalSection
	GlobalSection(ExtensibilityGlobals) = postSolution
		SolutionGuid = {4784C250-B56E-485D-92FD-0DE2BB1119AB}
	EndGlobalSection
EndGlobal
